PODS:
  - MetalImage/Core (0.0.1):
    - MetalImage/Core/Basic (= 0.0.1)
    - MetalImage/Core/Category (= 0.0.1)
    - MetalImage/Core/Filter (= 0.0.1)
    - MetalImage/Core/Source (= 0.0.1)
    - MetalImage/Core/Target (= 0.0.1)
  - MetalImage/Core/Basic (0.0.1)
  - MetalImage/Core/Category (0.0.1)
  - MetalImage/Core/Filter (0.0.1)
  - MetalImage/Core/Source (0.0.1)
  - MetalImage/Core/Target (0.0.1)
  - MetalImage/ExtensionFilter (0.0.1):
    - MetalImage/Core

DEPENDENCIES:
  - MetalImage/Core (from `../MetalImage.podspec`)
  - MetalImage/ExtensionFilter (from `../MetalImage.podspec`)

EXTERNAL SOURCES:
  MetalImage:
    :path: "../MetalImage.podspec"

SPEC CHECKSUMS:
  MetalImage: ff5cff00bf12b2fa20d0c862bd7a351d90f9c8a6

PODFILE CHECKSUM: e37f7dd9579eb7447226cdf77c8a30b8b2506bdb

COCOAPODS: 1.7.3
